
Microsoft Visual Studio Solution File, Format Version 12.00
# Visual Studio Version 17
VisualStudioVersion = 17.5.002.0
MinimumVisualStudioVersion = 10.0.40219.1
Project("{9A19103F-16F7-4668-BE54-9A1E7A4F7556}") = "Fluxograma_da_equipe1", "Fluxograma_da_equipe1.csproj", "{7CD852D3-79DD-4660-A651-DA5FD2A170CB}"
EndProject
Global
	GlobalSection(SolutionConfigurationPlatforms) = preSolution
		Debug|Any CPU = Debug|Any CPU
		Release|Any CPU = Release|Any CPU
	EndGlobalSection
	GlobalSection(ProjectConfigurationPlatforms) = postSolution
		{7CD852D3-79DD-4660-A651-DA5FD2A170CB}.Debug|Any CPU.ActiveCfg = Debug|Any CPU
		{7CD852D3-79DD-4660-A651-DA5FD2A170CB}.Debug|Any CPU.Build.0 = Debug|Any CPU
		{7CD852D3-79DD-4660-A651-DA5FD2A170CB}.Release|Any CPU.ActiveCfg = Release|Any CPU
		{7CD852D3-79DD-4660-A651-DA5FD2A170CB}.Release|Any CPU.Build.0 = Release|Any CPU
	EndGlobalSection
	GlobalSection(SolutionProperties) = preSolution
		HideSolutionNode = FALSE
	EndGlobalSection
	GlobalSection(ExtensibilityGlobals) = postSolution
		SolutionGuid = {12CC3153-D107-46BB-8782-86E859B1AF59}
	EndGlobalSection
EndGlobal
